
Microsoft Visual Studio Solution File, Format Version 12.00
# Visual Studio Version 16
VisualStudioVersion = 16.0.31624.102
MinimumVisualStudioVersion = 10.0.40219.1
Project("{FAE04EC0-301F-11D3-BF4B-00C04F79EFBC}") = "CodeSamples", "CodeSamples\CodeSamples.csproj", "{0CCCA7A5-579D-4E65-960E-796B4099A8A8}"
EndProject
Global
	GlobalSection(SolutionConfigurationPlatforms) = preSolution
		Debug|Any CPU = Debug|Any CPU
		Release|Any CPU = Release|Any CPU
	EndGlobalSection
	GlobalSection(ProjectConfigurationPlatforms) = postSolution
		{0CCCA7A5-579D-4E65-960E-796B4099A8A8}.Debug|Any CPU.ActiveCfg = Debug|Any CPU
		{0CCCA7A5-579D-4E65-960E-796B4099A8A8}.Debug|Any CPU.Build.0 = Debug|Any CPU
		{0CCCA7A5-579D-4E65-960E-796B4099A8A8}.Release|Any CPU.ActiveCfg = Release|Any CPU
		{0CCCA7A5-579D-4E65-960E-796B4099A8A8}.Release|Any CPU.Build.0 = Release|Any CPU
	EndGlobalSection
	GlobalSection(SolutionProperties) = preSolution
		HideSolutionNode = FALSE
	EndGlobalSection
	GlobalSection(ExtensibilityGlobals) = postSolution
		SolutionGuid = {3E8FE2C6-0587-4724-8481-8EEC1F585C26}
	EndGlobalSection
EndGlobal
